// !$*UTF8*$!
{
	archiveVersion = 1;
	classes = {
	};
	objectVersion = 50;
	objects = {

/* Begin PBXBuildFile section */
		113A72BB2482351200A332A5 /* Folder.swift in Sources */ = {isa = PBXBuildFile; fileRef = 113A72BA2482351200A332A5 /* Folder.swift */; };
		113A72BD2482400100A332A5 /* SegueHandler.swift in Sources */ = {isa = PBXBuildFile; fileRef = 113A72BC2482400100A332A5 /* SegueHandler.swift */; };
		11871F15247B66FA0014F9CB /* AppDelegate.swift in Sources */ = {isa = PBXBuildFile; fileRef = 11871F14247B66FA0014F9CB /* AppDelegate.swift */; };
		11871F17247B66FA0014F9CB /* SceneDelegate.swift in Sources */ = {isa = PBXBuildFile; fileRef = 11871F16247B66FA0014F9CB /* SceneDelegate.swift */; };
		11871F19247B66FA0014F9CB /* FoldersViewController.swift in Sources */ = {isa = PBXBuildFile; fileRef = 11871F18247B66FA0014F9CB /* FoldersViewController.swift */; };
		11871F1C247B66FA0014F9CB /* Main.storyboard in Resources */ = {isa = PBXBuildFile; fileRef = 11871F1A247B66FA0014F9CB /* Main.storyboard */; };
		11871F1E247B67030014F9CB /* Assets.xcassets in Resources */ = {isa = PBXBuildFile; fileRef = 11871F1D247B67030014F9CB /* Assets.xcassets */; };
		11871F21247B67030014F9CB /* LaunchScreen.storyboard in Resources */ = {isa = PBXBuildFile; fileRef = 11871F1F247B67030014F9CB /* LaunchScreen.storyboard */; };
		11871F29247B67530014F9CB /* NotesViewController.swift in Sources */ = {isa = PBXBuildFile; fileRef = 11871F28247B67530014F9CB /* NotesViewController.swift */; };
		11871F2B247E15FE0014F9CB /* TableViewDataSourceDelegate.swift in Sources */ = {isa = PBXBuildFile; fileRef = 11871F2A247E15FE0014F9CB /* TableViewDataSourceDelegate.swift */; };
		11871F2D247E16390014F9CB /* FoldersDataSourceDelegate.swift in Sources */ = {isa = PBXBuildFile; fileRef = 11871F2C247E16390014F9CB /* FoldersDataSourceDelegate.swift */; };
		11871F2F247E1D600014F9CB /* Constants.swift in Sources */ = {isa = PBXBuildFile; fileRef = 11871F2E247E1D5F0014F9CB /* Constants.swift */; };
		11871F31247E1E470014F9CB /* NotesTableViewCell.swift in Sources */ = {isa = PBXBuildFile; fileRef = 11871F30247E1E470014F9CB /* NotesTableViewCell.swift */; };
		11871F33247E29250014F9CB /* CoreDataStack.swift in Sources */ = {isa = PBXBuildFile; fileRef = 11871F32247E29250014F9CB /* CoreDataStack.swift */; };
		11871F36247E297B0014F9CB /* Notes.xcdatamodeld in Sources */ = {isa = PBXBuildFile; fileRef = 11871F34247E297B0014F9CB /* Notes.xcdatamodeld */; };
		11871F3C247E30470014F9CB /* SplitViewController.swift in Sources */ = {isa = PBXBuildFile; fileRef = 11871F3B247E30470014F9CB /* SplitViewController.swift */; };
/* End PBXBuildFile section */

/* Begin PBXFileReference section */
		113A72BA2482351200A332A5 /* Folder.swift */ = {isa = PBXFileReference; lastKnownFileType = sourcecode.swift; path = Folder.swift; sourceTree = "<group>"; };
		113A72BC2482400100A332A5 /* SegueHandler.swift */ = {isa = PBXFileReference; lastKnownFileType = sourcecode.swift; path = SegueHandler.swift; sourceTree = "<group>"; };
		11871F11247B66FA0014F9CB /* Notes2.app */ = {isa = PBXFileReference; explicitFileType = wrapper.application; includeInIndex = 0; path = Notes2.app; sourceTree = BUILT_PRODUCTS_DIR; };
		11871F14247B66FA0014F9CB /* AppDelegate.swift */ = {isa = PBXFileReference; lastKnownFileType = sourcecode.swift; path = AppDelegate.swift; sourceTree = "<group>"; };
		11871F16247B66FA0014F9CB /* SceneDelegate.swift */ = {isa = PBXFileReference; lastKnownFileType = sourcecode.swift; path = SceneDelegate.swift; sourceTree = "<group>"; };
		11871F18247B66FA0014F9CB /* FoldersViewController.swift */ = {isa = PBXFileReference; lastKnownFileType = sourcecode.swift; path = FoldersViewController.swift; sourceTree = "<group>"; };
		11871F1B247B66FA0014F9CB /* Base */ = {isa = PBXFileReference; lastKnownFileType = file.storyboard; name = Base; path = Base.lproj/Main.storyboard; sourceTree = "<group>"; };
		11871F1D247B67030014F9CB /* Assets.xcassets */ = {isa = PBXFileReference; lastKnownFileType = folder.assetcatalog; path = Assets.xcassets; sourceTree = "<group>"; };
		11871F20247B67030014F9CB /* Base */ = {isa = PBXFileReference; lastKnownFileType = file.storyboard; name = Base; path = Base.lproj/LaunchScreen.storyboard; sourceTree = "<group>"; };
		11871F22247B67040014F9CB /* Info.plist */ = {isa = PBXFileReference; lastKnownFileType = text.plist.xml; path = Info.plist; sourceTree = "<group>"; };
		11871F28247B67530014F9CB /* NotesViewController.swift */ = {isa = PBXFileReference; lastKnownFileType = sourcecode.swift; path = NotesViewController.swift; sourceTree = "<group>"; };
		11871F2A247E15FE0014F9CB /* TableViewDataSourceDelegate.swift */ = {isa = PBXFileReference; lastKnownFileType = sourcecode.swift; path = TableViewDataSourceDelegate.swift; sourceTree = "<group>"; };
		11871F2C247E16390014F9CB /* FoldersDataSourceDelegate.swift */ = {isa = PBXFileReference; lastKnownFileType = sourcecode.swift; path = FoldersDataSourceDelegate.swift; sourceTree = "<group>"; };
		11871F2E247E1D5F0014F9CB /* Constants.swift */ = {isa = PBXFileReference; lastKnownFileType = sourcecode.swift; path = Constants.swift; sourceTree = "<group>"; };
		11871F30247E1E470014F9CB /* NotesTableViewCell.swift */ = {isa = PBXFileReference; lastKnownFileType = sourcecode.swift; path = NotesTableViewCell.swift; sourceTree = "<group>"; };
		11871F32247E29250014F9CB /* CoreDataStack.swift */ = {isa = PBXFileReference; lastKnownFileType = sourcecode.swift; path = CoreDataStack.swift; sourceTree = "<group>"; };
		11871F35247E297B0014F9CB /* Notes.xcdatamodel */ = {isa = PBXFileReference; lastKnownFileType = wrapper.xcdatamodel; path = Notes.xcdatamodel; sourceTree = "<group>"; };
		11871F3B247E30470014F9CB /* SplitViewController.swift */ = {isa = PBXFileReference; lastKnownFileType = sourcecode.swift; path = SplitViewController.swift; sourceTree = "<group>"; };
/* End PBXFileReference section */

/* Begin PBXFrameworksBuildPhase section */
		11871F0E247B66FA0014F9CB /* Frameworks */ = {
			isa = PBXFrameworksBuildPhase;
			buildActionMask = 2147483647;
			files = (
			);
			runOnlyForDeploymentPostprocessing = 0;
		};
/* End PBXFrameworksBuildPhase section */

/* Begin PBXGroup section */
		11871F08247B66FA0014F9CB = {
			isa = PBXGroup;
			children = (
				11871F13247B66FA0014F9CB /* Notes2 */,
				11871F12247B66FA0014F9CB /* Products */,
			);
			sourceTree = "<group>";
		};
		11871F12247B66FA0014F9CB /* Products */ = {
			isa = PBXGroup;
			children = (
				11871F11247B66FA0014F9CB /* Notes2.app */,
			);
			name = Products;
			sourceTree = "<group>";
		};
		11871F13247B66FA0014F9CB /* Notes2 */ = {
			isa = PBXGroup;
			children = (
				11871F14247B66FA0014F9CB /* AppDelegate.swift */,
				11871F16247B66FA0014F9CB /* SceneDelegate.swift */,
				11871F37247E2ECC0014F9CB /* View Controllers */,
				11871F3D248228BF0014F9CB /* DataSources + Delegates */,
				11871F3A247E2F320014F9CB /* Views */,
				11871F39247E2F260014F9CB /* Helpers */,
				11871F38247E2EF60014F9CB /* Model */,
				11871F1A247B66FA0014F9CB /* Main.storyboard */,
				11871F1D247B67030014F9CB /* Assets.xcassets */,
				11871F1F247B67030014F9CB /* LaunchScreen.storyboard */,
				11871F22247B67040014F9CB /* Info.plist */,
			);
			path = Notes2;
			sourceTree = "<group>";
		};
		11871F37247E2ECC0014F9CB /* View Controllers */ = {
			isa = PBXGroup;
			children = (
				11871F3B247E30470014F9CB /* SplitViewController.swift */,
				11871F18247B66FA0014F9CB /* FoldersViewController.swift */,
				11871F28247B67530014F9CB /* NotesViewController.swift */,
			);
			path = "View Controllers";
			sourceTree = "<group>";
		};
		11871F38247E2EF60014F9CB /* Model */ = {
			isa = PBXGroup;
			children = (
				11871F32247E29250014F9CB /* CoreDataStack.swift */,
				11871F34247E297B0014F9CB /* Notes.xcdatamodeld */,
				113A72BA2482351200A332A5 /* Folder.swift */,
			);
			path = Model;
			sourceTree = "<group>";
		};
		11871F39247E2F260014F9CB /* Helpers */ = {
			isa = PBXGroup;
			children = (
				113A72BC2482400100A332A5 /* SegueHandler.swift */,
				11871F2E247E1D5F0014F9CB /* Constants.swift */,
			);
			path = Helpers;
			sourceTree = "<group>";
		};
		11871F3A247E2F320014F9CB /* Views */ = {
			isa = PBXGroup;
			children = (
				11871F30247E1E470014F9CB /* NotesTableViewCell.swift */,
			);
			path = Views;
			sourceTree = "<group>";
		};
		11871F3D248228BF0014F9CB /* DataSources + Delegates */ = {
			isa = PBXGroup;
			children = (
				11871F2A247E15FE0014F9CB /* TableViewDataSourceDelegate.swift */,
				11871F2C247E16390014F9CB /* FoldersDataSourceDelegate.swift */,
			);
			path = "DataSources + Delegates";
			sourceTree = "<group>";
		};
/* End PBXGroup section */

/* Begin PBXNativeTarget section */
		11871F10247B66FA0014F9CB /* Notes2 */ = {
			isa = PBXNativeTarget;
			buildConfigurationList = 11871F25247B67040014F9CB /* Build configuration list for PBXNativeTarget "Notes2" */;
			buildPhases = (
				11871F0D247B66FA0014F9CB /* Sources */,
				11871F0E247B66FA0014F9CB /* Frameworks */,
				11871F0F247B66FA0014F9CB /* Resources */,
			);
			buildRules = (
			);
			dependencies = (
			);
			name = Notes2;
			productName = Notes2;
			productReference = 11871F11247B66FA0014F9CB /* Notes2.app */;
			productType = "com.apple.product-type.application";
		};
/* End PBXNativeTarget section */

/* Begin PBXProject section */
		11871F09247B66FA0014F9CB /* Project object */ = {
			isa = PBXProject;
			attributes = {
				LastSwiftUpdateCheck = 1150;
				LastUpgradeCheck = 1150;
				ORGANIZATIONNAME = "Srivinayak Chaitanya Eshwa";
				TargetAttributes = {
					11871F10247B66FA0014F9CB = {
						CreatedOnToolsVersion = 11.5;
					};
				};
			};
			buildConfigurationList = 11871F0C247B66FA0014F9CB /* Build configuration list for PBXProject "Notes2" */;
			compatibilityVersion = "Xcode 9.3";
			developmentRegion = en;
			hasScannedForEncodings = 0;
			knownRegions = (
				en,
				Base,
			);
			mainGroup = 11871F08247B66FA0014F9CB;
			productRefGroup = 11871F12247B66FA0014F9CB /* Products */;
			projectDirPath = "";
			projectRoot = "";
			targets = (
				11871F10247B66FA0014F9CB /* Notes2 */,
			);
		};
/* End PBXProject section */

/* Begin PBXResourcesBuildPhase section */
		11871F0F247B66FA0014F9CB /* Resources */ = {
			isa = PBXResourcesBuildPhase;
			buildActionMask = 2147483647;
			files = (
				11871F21247B67030014F9CB /* LaunchScreen.storyboard in Resources */,
				11871F1E247B67030014F9CB /* Assets.xcassets in Resources */,
				11871F1C247B66FA0014F9CB /* Main.storyboard in Resources */,
			);
			runOnlyForDeploymentPostprocessing = 0;
		};
/* End PBXResourcesBuildPhase section */

/* Begin PBXSourcesBuildPhase section */
		11871F0D247B66FA0014F9CB /* Sources */ = {
			isa = PBXSourcesBuildPhase;
			buildActionMask = 2147483647;
			files = (
				11871F19247B66FA0014F9CB /* FoldersViewController.swift in Sources */,
				11871F36247E297B0014F9CB /* Notes.xcdatamodeld in Sources */,
				11871F3C247E30470014F9CB /* SplitViewController.swift in Sources */,
				11871F15247B66FA0014F9CB /* AppDelegate.swift in Sources */,
				11871F2D247E16390014F9CB /* FoldersDataSourceDelegate.swift in Sources */,
				11871F33247E29250014F9CB /* CoreDataStack.swift in Sources */,
				11871F17247B66FA0014F9CB /* SceneDelegate.swift in Sources */,
				11871F2F247E1D600014F9CB /* Constants.swift in Sources */,
				113A72BD2482400100A332A5 /* SegueHandler.swift in Sources */,
				11871F2B247E15FE0014F9CB /* TableViewDataSourceDelegate.swift in Sources */,
				11871F29247B67530014F9CB /* NotesViewController.swift in Sources */,
				11871F31247E1E470014F9CB /* NotesTableViewCell.swift in Sources */,
				113A72BB2482351200A332A5 /* Folder.swift in Sources */,
			);
			runOnlyForDeploymentPostprocessing = 0;
		};
/* End PBXSourcesBuildPhase section */

/* Begin PBXVariantGroup section */
		11871F1A247B66FA0014F9CB /* Main.storyboard */ = {
			isa = PBXVariantGroup;
			children = (
				11871F1B247B66FA0014F9CB /* Base */,
			);
			name = Main.storyboard;
			sourceTree = "<group>";
		};
		11871F1F247B67030014F9CB /* LaunchScreen.storyboard */ = {
			isa = PBXVariantGroup;
			children = (
				11871F20247B67030014F9CB /* Base */,
			);
			name = LaunchScreen.storyboard;
			sourceTree = "<group>";
		};
/* End PBXVariantGroup section */

/* Begin XCBuildConfiguration section */
		11871F23247B67040014F9CB /* Debug */ = {
			isa = XCBuildConfiguration;
			buildSettings = {
				ALWAYS_SEARCH_USER_PATHS = NO;
				CLANG_ANALYZER_NONNULL = YES;
				CLANG_ANALYZER_NUMBER_OBJECT_CONVERSION = YES_AGGRESSIVE;
				CLANG_CXX_LANGUAGE_STANDARD = "gnu++14";
				CLANG_CXX_LIBRARY = "libc++";
				CLANG_ENABLE_MODULES = YES;
				CLANG_ENABLE_OBJC_ARC = YES;
				CLANG_ENABLE_OBJC_WEAK = YES;
				CLANG_WARN_BLOCK_CAPTURE_AUTORELEASING = YES;
				CLANG_WARN_BOOL_CONVERSION = YES;
				CLANG_WARN_COMMA = YES;
				CLANG_WARN_CONSTANT_CONVERSION = YES;
				CLANG_WARN_DEPRECATED_OBJC_IMPLEMENTATIONS = YES;
				CLANG_WARN_DIRECT_OBJC_ISA_USAGE = YES_ERROR;
				CLANG_WARN_DOCUMENTATION_COMMENTS = YES;
				CLANG_WARN_EMPTY_BODY = YES;
				CLANG_WARN_ENUM_CONVERSION = YES;
				CLANG_WARN_INFINITE_RECURSION = YES;
				CLANG_WARN_INT_CONVERSION = YES;
				CLANG_WARN_NON_LITERAL_NULL_CONVERSION = YES;
				CLANG_WARN_OBJC_IMPLICIT_RETAIN_SELF = YES;
				CLANG_WARN_OBJC_LITERAL_CONVERSION = YES;
				CLANG_WARN_OBJC_ROOT_CLASS = YES_ERROR;
				CLANG_WARN_RANGE_LOOP_ANALYSIS = YES;
				CLANG_WARN_STRICT_PROTOTYPES = YES;
				CLANG_WARN_SUSPICIOUS_MOVE = YES;
				CLANG_WARN_UNGUARDED_AVAILABILITY = YES_AGGRESSIVE;
				CLANG_WARN_UNREACHABLE_CODE = YES;
				CLANG_WARN__DUPLICATE_METHOD_MATCH = YES;
				COPY_PHASE_STRIP = NO;
				DEBUG_INFORMATION_FORMAT = dwarf;
				ENABLE_STRICT_OBJC_MSGSEND = YES;
				ENABLE_TESTABILITY = YES;
				GCC_C_LANGUAGE_STANDARD = gnu11;
				GCC_DYNAMIC_NO_PIC = NO;
				GCC_NO_COMMON_BLOCKS = YES;
				GCC_OPTIMIZATION_LEVEL = 0;
				GCC_PREPROCESSOR_DEFINITIONS = (
					"DEBUG=1",
					"$(inherited)",
				);
				GCC_WARN_64_TO_32_BIT_CONVERSION = YES;
				GCC_WARN_ABOUT_RETURN_TYPE = YES_ERROR;
				GCC_WARN_UNDECLARED_SELECTOR = YES;
				GCC_WARN_UNINITIALIZED_AUTOS = YES_AGGRESSIVE;
				GCC_WARN_UNUSED_FUNCTION = YES;
				GCC_WARN_UNUSED_VARIABLE = YES;
				IPHONEOS_DEPLOYMENT_TARGET = 13.5;
				MTL_ENABLE_DEBUG_INFO = INCLUDE_SOURCE;
				MTL_FAST_MATH = YES;
				ONLY_ACTIVE_ARCH = YES;
				SDKROOT = iphoneos;
				SWIFT_ACTIVE_COMPILATION_CONDITIONS = DEBUG;
				SWIFT_OPTIMIZATION_LEVEL = "-Onone";
			};
			name = Debug;
		};
		11871F24247B67040014F9CB /* Release */ = {
			isa = XCBuildConfiguration;
			buildSettings = {
				ALWAYS_SEARCH_USER_PATHS = NO;
				CLANG_ANALYZER_NONNULL = YES;
				CLANG_ANALYZER_NUMBER_OBJECT_CONVERSION = YES_AGGRESSIVE;
				CLANG_CXX_LANGUAGE_STANDARD = "gnu++14";
				CLANG_CXX_LIBRARY = "libc++";
				CLANG_ENABLE_MODULES = YES;
				CLANG_ENABLE_OBJC_ARC = YES;
				CLANG_ENABLE_OBJC_WEAK = YES;
				CLANG_WARN_BLOCK_CAPTURE_AUTORELEASING = YES;
				CLANG_WARN_BOOL_CONVERSION = YES;
				CLANG_WARN_COMMA = YES;
				CLANG_WARN_CONSTANT_CONVERSION = YES;
				CLANG_WARN_DEPRECATED_OBJC_IMPLEMENTATIONS = YES;
				CLANG_WARN_DIRECT_OBJC_ISA_USAGE = YES_ERROR;
				CLANG_WARN_DOCUMENTATION_COMMENTS = YES;
				CLANG_WARN_EMPTY_BODY = YES;
				CLANG_WARN_ENUM_CONVERSION = YES;
				CLANG_WARN_INFINITE_RECURSION = YES;
				CLANG_WARN_INT_CONVERSION = YES;
				CLANG_WARN_NON_LITERAL_NULL_CONVERSION = YES;
				CLANG_WARN_OBJC_IMPLICIT_RETAIN_SELF = YES;
				CLANG_WARN_OBJC_LITERAL_CONVERSION = YES;
				CLANG_WARN_OBJC_ROOT_CLASS = YES_ERROR;
				CLANG_WARN_RANGE_LOOP_ANALYSIS = YES;
				CLANG_WARN_STRICT_PROTOTYPES = YES;
				CLANG_WARN_SUSPICIOUS_MOVE = YES;
				CLANG_WARN_UNGUARDED_AVAILABILITY = YES_AGGRESSIVE;
				CLANG_WARN_UNREACHABLE_CODE = YES;
				CLANG_WARN__DUPLICATE_METHOD_MATCH = YES;
				COPY_PHASE_STRIP = NO;
				DEBUG_INFORMATION_FORMAT = "dwarf-with-dsym";
				ENABLE_NS_ASSERTIONS = NO;
				ENABLE_STRICT_OBJC_MSGSEND = YES;
				GCC_C_LANGUAGE_STANDARD = gnu11;
				GCC_NO_COMMON_BLOCKS = YES;
				GCC_WARN_64_TO_32_BIT_CONVERSION = YES;
				GCC_WARN_ABOUT_RETURN_TYPE = YES_ERROR;
				GCC_WARN_UNDECLARED_SELECTOR = YES;
				GCC_WARN_UNINITIALIZED_AUTOS = YES_AGGRESSIVE;
				GCC_WARN_UNUSED_FUNCTION = YES;
				GCC_WARN_UNUSED_VARIABLE = YES;
				IPHONEOS_DEPLOYMENT_TARGET = 13.5;
				MTL_ENABLE_DEBUG_INFO = NO;
				MTL_FAST_MATH = YES;
				SDKROOT = iphoneos;
				SWIFT_COMPILATION_MODE = wholemodule;
				SWIFT_OPTIMIZATION_LEVEL = "-O";
				VALIDATE_PRODUCT = YES;
			};
			name = Release;
		};
		11871F26247B67040014F9CB /* Debug */ = {
			isa = XCBuildConfiguration;
			buildSettings = {
				ASSETCATALOG_COMPILER_APPICON_NAME = AppIcon;
				CODE_SIGN_STYLE = Automatic;
				DEVELOPMENT_TEAM = S2LV3T7DFP;
				INFOPLIST_FILE = Notes2/Info.plist;
				LD_RUNPATH_SEARCH_PATHS = (
					"$(inherited)",
					"@executable_path/Frameworks",
				);
				PRODUCT_BUNDLE_IDENTIFIER = com.vinnu.Notes2;
				PRODUCT_NAME = "$(TARGET_NAME)";
				SWIFT_VERSION = 5.0;
				TARGETED_DEVICE_FAMILY = "1,2";
			};
			name = Debug;
		};
		11871F27247B67040014F9CB /* Release */ = {
			isa = XCBuildConfiguration;
			buildSettings = {
				ASSETCATALOG_COMPILER_APPICON_NAME = AppIcon;
				CODE_SIGN_STYLE = Automatic;
				DEVELOPMENT_TEAM = S2LV3T7DFP;
				INFOPLIST_FILE = Notes2/Info.plist;
				LD_RUNPATH_SEARCH_PATHS = (
					"$(inherited)",
					"@executable_path/Frameworks",
				);
				PRODUCT_BUNDLE_IDENTIFIER = com.vinnu.Notes2;
				PRODUCT_NAME = "$(TARGET_NAME)";
				SWIFT_VERSION = 5.0;
				TARGETED_DEVICE_FAMILY = "1,2";
			};
			name = Release;
		};
/* End XCBuildConfiguration section */

/* Begin XCConfigurationList section */
		11871F0C247B66FA0014F9CB /* Build configuration list for PBXProject "Notes2" */ = {
			isa = XCConfigurationList;
			buildConfigurations = (
				11871F23247B67040014F9CB /* Debug */,
				11871F24247B67040014F9CB /* Release */,
			);
			defaultConfigurationIsVisible = 0;
			defaultConfigurationName = Release;
		};
		11871F25247B67040014F9CB /* Build configuration list for PBXNativeTarget "Notes2" */ = {
			isa = XCConfigurationList;
			buildConfigurations = (
				11871F26247B67040014F9CB /* Debug */,
				11871F27247B67040014F9CB /* Release */,
			);
			defaultConfigurationIsVisible = 0;
			defaultConfigurationName = Release;
		};
/* End XCConfigurationList section */

/* Begin XCVersionGroup section */
		11871F34247E297B0014F9CB /* Notes.xcdatamodeld */ = {
			isa = XCVersionGroup;
			children = (
				11871F35247E297B0014F9CB /* Notes.xcdatamodel */,
			);
			currentVersion = 11871F35247E297B0014F9CB /* Notes.xcdatamodel */;
			path = Notes.xcdatamodeld;
			sourceTree = "<group>";
			versionGroupType = wrapper.xcdatamodel;
		};
/* End XCVersionGroup section */
	};
	rootObject = 11871F09247B66FA0014F9CB /* Project object */;
}
